
Microsoft Visual Studio Solution File, Format Version 12.00
# Visual Studio Version 16
VisualStudioVersion = 16.0.28803.352
MinimumVisualStudioVersion = 10.0.40219.1
Project("{FAE04EC0-301F-11D3-BF4B-00C04F79EFBC}") = "TopMovieAG", "TopMovieAG.csproj", "{97864AE5-AC6C-4C7A-AE45-81BF44A7445F}"
EndProject
Global
	GlobalSection(SolutionConfigurationPlatforms) = preSolution
		Debug|Any CPU = Debug|Any CPU
		Release|Any CPU = Release|Any CPU
	EndGlobalSection
	GlobalSection(ProjectConfigurationPlatforms) = postSolution
		{97864AE5-AC6C-4C7A-AE45-81BF44A7445F}.Debug|Any CPU.ActiveCfg = Debug|Any CPU
		{97864AE5-AC6C-4C7A-AE45-81BF44A7445F}.Debug|Any CPU.Build.0 = Debug|Any CPU
		{97864AE5-AC6C-4C7A-AE45-81BF44A7445F}.Release|Any CPU.ActiveCfg = Release|Any CPU
		{97864AE5-AC6C-4C7A-AE45-81BF44A7445F}.Release|Any CPU.Build.0 = Release|Any CPU
	EndGlobalSection
	GlobalSection(SolutionProperties) = preSolution
		HideSolutionNode = FALSE
	EndGlobalSection
	GlobalSection(ExtensibilityGlobals) = postSolution
		SolutionGuid = {CCF468DB-2DD2-4C08-B276-D1E131232A8D}
	EndGlobalSection
EndGlobal
